github.com/StevenZack/livedata v0.0.0-20200223055053-d2dc9ea85608 h1:p8Oyr/IzLw6u2SVvbJzE9k41IShdT0hPtntRmmHVgXQ=
github.com/StevenZack/livedata v0.0.0-20200223055053-d2dc9ea85608/go.mod h1:ToSIBZBTW8Kz+akD9UEfHHHwRN3UQ5ntj0kLpdBDH5Y=
github.com/StevenZack/pubsub v0.0.0-20200222040537-f177241bab84 h1:9Nmxb3iYXfKpbWNptM6bTFha3Lk4H3RW/LNsTxprfFo=
github.com/StevenZack/pubsub v0.0.0-20200222040537-f177241bab84/go.mod h1:z+rWr6E97FpEEsfufN3rBLc3PJsLxI15S3RSWE9Cgt8=
github.com/StevenZack/tools v0.0.0-20200223051132-51334bf3b718 h1:KM9l7vmTxNqDRUa98x98OsPabWqwvg7PPPowZ+bLnMY=
github.com/StevenZack/tools v0.0.0-20200223051132-51334bf3b718/go.mod h1:w8kYYKLgFFM/7pPdX+TfVLcbFCC4spe17U7pZQ8zonQ=
